{
  "name": "react",
  "lockfileVersion": 3,
  "requires": true,
  "packages": {
    "": {
      "dependencies": {
        "mpm": "^0.0.1"
      }
    },
    "node_modules/mpm": {
      "version": "0.0.1",
      "resolved": "https://registry.npmjs.org/mpm/-/mpm-0.0.1.tgz",
      "integrity": "sha512-zVOWQ6EYriUo719IjmA/cFRyfupWtIZHPbjnP5rrbKEOvQQV/f264msh/oG4qixORbVubtojfv0kE7n2dBjtPg=="
    }
  }
}
